
Microsoft Visual Studio Solution File, Format Version 12.00
# Visual Studio Version 17
VisualStudioVersion = 17.1.32421.90
MinimumVisualStudioVersion = 10.0.40219.1
Project("{FAE04EC0-301F-11D3-BF4B-00C04F79EFBC}") = "EFClassGenerator", "EFClassGenerator\EFClassGenerator.csproj", "{91171278-1930-4CBE-83FD-45DA00C35F7C}"
EndProject
Global
	GlobalSection(SolutionConfigurationPlatforms) = preSolution
		Debug|Any CPU = Debug|Any CPU
		Release|Any CPU = Release|Any CPU
	EndGlobalSection
	GlobalSection(ProjectConfigurationPlatforms) = postSolution
		{91171278-1930-4CBE-83FD-45DA00C35F7C}.Debug|Any CPU.ActiveCfg = Debug|Any CPU
		{91171278-1930-4CBE-83FD-45DA00C35F7C}.Debug|Any CPU.Build.0 = Debug|Any CPU
		{91171278-1930-4CBE-83FD-45DA00C35F7C}.Release|Any CPU.ActiveCfg = Release|Any CPU
		{91171278-1930-4CBE-83FD-45DA00C35F7C}.Release|Any CPU.Build.0 = Release|Any CPU
	EndGlobalSection
	GlobalSection(SolutionProperties) = preSolution
		HideSolutionNode = FALSE
	EndGlobalSection
	GlobalSection(ExtensibilityGlobals) = postSolution
		SolutionGuid = {D09320C6-9C2D-494D-ABDE-21088300EB35}
	EndGlobalSection
EndGlobal
